// !$*UTF8*$!
{
	archiveVersion = 1;
	classes = {
	};
	objectVersion = 48;
	objects = {

/* Begin PBXBuildFile section */
		5B33A4811F7BEB7C00F9D518 /* SaveShoptivitiesInteractorImpl.swift in Sources */ = {isa = PBXBuildFile; fileRef = 5B33A4801F7BEB7C00F9D518 /* SaveShoptivitiesInteractorImpl.swift */; };
		5B7D6E091F7A380600AE5B95 /* CoreDataStack.swift in Sources */ = {isa = PBXBuildFile; fileRef = 5B7D6E081F7A380600AE5B95 /* CoreDataStack.swift */; };
		5B7D6E0C1F7A3B9700AE5B95 /* CoreData.framework in Frameworks */ = {isa = PBXBuildFile; fileRef = 5B7D6E0B1F7A3B9700AE5B95 /* CoreData.framework */; };
		5B7D6E121F7A466B00AE5B95 /* MADridLife.xcdatamodeld in Sources */ = {isa = PBXBuildFile; fileRef = 5B7D6E101F7A466B00AE5B95 /* MADridLife.xcdatamodeld */; };
		5B7D6E141F7A49F700AE5B95 /* SaveShoptivitiesInteractor.swift in Sources */ = {isa = PBXBuildFile; fileRef = 5B7D6E131F7A49F700AE5B95 /* SaveShoptivitiesInteractor.swift */; };
		5B7D6E181F7A4B1F00AE5B95 /* MapShoptivity.swift in Sources */ = {isa = PBXBuildFile; fileRef = 5B7D6E171F7A4B1F00AE5B95 /* MapShoptivity.swift */; };
		5B8614011F75130800C497D2 /* Shoptivity.swift in Sources */ = {isa = PBXBuildFile; fileRef = 5B8614001F75130800C497D2 /* Shoptivity.swift */; };
		5B8614031F75140B00C497D2 /* Shoptivities.swift in Sources */ = {isa = PBXBuildFile; fileRef = 5B8614021F75140B00C497D2 /* Shoptivities.swift */; };
		5B8614051F7520D400C497D2 /* ShoptivitiesTest.swift in Sources */ = {isa = PBXBuildFile; fileRef = 5B8614041F7520D400C497D2 /* ShoptivitiesTest.swift */; };
		5B8614081F76BDB700C497D2 /* DownloadShoptivitiesInteractor.swift in Sources */ = {isa = PBXBuildFile; fileRef = 5B8614071F76BDB700C497D2 /* DownloadShoptivitiesInteractor.swift */; };
		5B8614141F76CCD800C497D2 /* MainViewController.swift in Sources */ = {isa = PBXBuildFile; fileRef = 5B8614131F76CCD800C497D2 /* MainViewController.swift */; };
		5B8614161F76CCDF00C497D2 /* ShopsViewController.swift in Sources */ = {isa = PBXBuildFile; fileRef = 5B8614151F76CCDF00C497D2 /* ShopsViewController.swift */; };
		5B8614181F76CCE700C497D2 /* ActivitiesViewController.swift in Sources */ = {isa = PBXBuildFile; fileRef = 5B8614171F76CCE700C497D2 /* ActivitiesViewController.swift */; };
		5B86141A1F76CD2B00C497D2 /* ShopDetailViewController.swift in Sources */ = {isa = PBXBuildFile; fileRef = 5B8614191F76CD2B00C497D2 /* ShopDetailViewController.swift */; };
		5B86141E1F76CDAC00C497D2 /* ActivityDetailViewController.swift in Sources */ = {isa = PBXBuildFile; fileRef = 5B86141D1F76CDAC00C497D2 /* ActivityDetailViewController.swift */; };
		5B967CCD1F76D59F005FE0A2 /* ExtensionViewC+CollectionViewC.swift in Sources */ = {isa = PBXBuildFile; fileRef = 5B967CCC1F76D59F005FE0A2 /* ExtensionViewC+CollectionViewC.swift */; };
		5B967CCF1F76D69D005FE0A2 /* ShopCell.swift in Sources */ = {isa = PBXBuildFile; fileRef = 5B967CCE1F76D69D005FE0A2 /* ShopCell.swift */; };
		5B967CD11F76D8F1005FE0A2 /* ActivityCell.swift in Sources */ = {isa = PBXBuildFile; fileRef = 5B967CD01F76D8F1005FE0A2 /* ActivityCell.swift */; };
		5B967CD31F76E089005FE0A2 /* DonwloadShoptivitiesInteractorImpl.swift in Sources */ = {isa = PBXBuildFile; fileRef = 5B967CD21F76E089005FE0A2 /* DonwloadShoptivitiesInteractorImpl.swift */; };
		5B967CD61F76E2E9005FE0A2 /* JSONParser.swift in Sources */ = {isa = PBXBuildFile; fileRef = 5B967CD51F76E2E9005FE0A2 /* JSONParser.swift */; };
		5B967CD81F76F1E1005FE0A2 /* String+Image.swift in Sources */ = {isa = PBXBuildFile; fileRef = 5B967CD71F76F1E1005FE0A2 /* String+Image.swift */; };
		5BE7AB3C1F73D2EB0018CF7D /* AppDelegate.swift in Sources */ = {isa = PBXBuildFile; fileRef = 5BE7AB3B1F73D2EB0018CF7D /* AppDelegate.swift */; };
		5BE7AB411F73D2EB0018CF7D /* Main.storyboard in Resources */ = {isa = PBXBuildFile; fileRef = 5BE7AB3F1F73D2EB0018CF7D /* Main.storyboard */; };
		5BE7AB431F73D2EB0018CF7D /* Assets.xcassets in Resources */ = {isa = PBXBuildFile; fileRef = 5BE7AB421F73D2EB0018CF7D /* Assets.xcassets */; };
		5BE7AB461F73D2EB0018CF7D /* LaunchScreen.storyboard in Resources */ = {isa = PBXBuildFile; fileRef = 5BE7AB441F73D2EB0018CF7D /* LaunchScreen.storyboard */; };
		5BE7AB511F73D2EB0018CF7D /* MADridLifeTests.swift in Sources */ = {isa = PBXBuildFile; fileRef = 5BE7AB501F73D2EB0018CF7D /* MADridLifeTests.swift */; };
/* End PBXBuildFile section */

/* Begin PBXContainerItemProxy section */
		5BE7AB4D1F73D2EB0018CF7D /* PBXContainerItemProxy */ = {
			isa = PBXContainerItemProxy;
			containerPortal = 5BE7AB301F73D2EB0018CF7D /* Project object */;
			proxyType = 1;
			remoteGlobalIDString = 5BE7AB371F73D2EB0018CF7D;
			remoteInfo = MADridLife;
		};
/* End PBXContainerItemProxy section */

/* Begin PBXFileReference section */
		5B33A4801F7BEB7C00F9D518 /* SaveShoptivitiesInteractorImpl.swift */ = {isa = PBXFileReference; lastKnownFileType = sourcecode.swift; path = SaveShoptivitiesInteractorImpl.swift; sourceTree = "<group>"; };
		5B7D6E081F7A380600AE5B95 /* CoreDataStack.swift */ = {isa = PBXFileReference; lastKnownFileType = sourcecode.swift; path = CoreDataStack.swift; sourceTree = "<group>"; };
		5B7D6E0B1F7A3B9700AE5B95 /* CoreData.framework */ = {isa = PBXFileReference; lastKnownFileType = wrapper.framework; name = CoreData.framework; path = System/Library/Frameworks/CoreData.framework; sourceTree = SDKROOT; };
		5B7D6E111F7A466B00AE5B95 /* MADridLife.xcdatamodel */ = {isa = PBXFileReference; lastKnownFileType = wrapper.xcdatamodel; path = MADridLife.xcdatamodel; sourceTree = "<group>"; };
		5B7D6E131F7A49F700AE5B95 /* SaveShoptivitiesInteractor.swift */ = {isa = PBXFileReference; lastKnownFileType = sourcecode.swift; path = SaveShoptivitiesInteractor.swift; sourceTree = "<group>"; };
		5B7D6E171F7A4B1F00AE5B95 /* MapShoptivity.swift */ = {isa = PBXFileReference; lastKnownFileType = sourcecode.swift; path = MapShoptivity.swift; sourceTree = "<group>"; };
		5B8614001F75130800C497D2 /* Shoptivity.swift */ = {isa = PBXFileReference; lastKnownFileType = sourcecode.swift; path = Shoptivity.swift; sourceTree = "<group>"; };
		5B8614021F75140B00C497D2 /* Shoptivities.swift */ = {isa = PBXFileReference; lastKnownFileType = sourcecode.swift; path = Shoptivities.swift; sourceTree = "<group>"; };
		5B8614041F7520D400C497D2 /* ShoptivitiesTest.swift */ = {isa = PBXFileReference; lastKnownFileType = sourcecode.swift; path = ShoptivitiesTest.swift; sourceTree = "<group>"; };
		5B8614071F76BDB700C497D2 /* DownloadShoptivitiesInteractor.swift */ = {isa = PBXFileReference; lastKnownFileType = sourcecode.swift; path = DownloadShoptivitiesInteractor.swift; sourceTree = "<group>"; };
		5B8614131F76CCD800C497D2 /* MainViewController.swift */ = {isa = PBXFileReference; lastKnownFileType = sourcecode.swift; path = MainViewController.swift; sourceTree = "<group>"; };
		5B8614151F76CCDF00C497D2 /* ShopsViewController.swift */ = {isa = PBXFileReference; lastKnownFileType = sourcecode.swift; path = ShopsViewController.swift; sourceTree = "<group>"; };
		5B8614171F76CCE700C497D2 /* ActivitiesViewController.swift */ = {isa = PBXFileReference; lastKnownFileType = sourcecode.swift; path = ActivitiesViewController.swift; sourceTree = "<group>"; };
		5B8614191F76CD2B00C497D2 /* ShopDetailViewController.swift */ = {isa = PBXFileReference; lastKnownFileType = sourcecode.swift; path = ShopDetailViewController.swift; sourceTree = "<group>"; };
		5B86141D1F76CDAC00C497D2 /* ActivityDetailViewController.swift */ = {isa = PBXFileReference; lastKnownFileType = sourcecode.swift; path = ActivityDetailViewController.swift; sourceTree = "<group>"; };
		5B967CCC1F76D59F005FE0A2 /* ExtensionViewC+CollectionViewC.swift */ = {isa = PBXFileReference; lastKnownFileType = sourcecode.swift; path = "ExtensionViewC+CollectionViewC.swift"; sourceTree = "<group>"; };
		5B967CCE1F76D69D005FE0A2 /* ShopCell.swift */ = {isa = PBXFileReference; lastKnownFileType = sourcecode.swift; path = ShopCell.swift; sourceTree = "<group>"; };
		5B967CD01F76D8F1005FE0A2 /* ActivityCell.swift */ = {isa = PBXFileReference; lastKnownFileType = sourcecode.swift; path = ActivityCell.swift; sourceTree = "<group>"; };
		5B967CD21F76E089005FE0A2 /* DonwloadShoptivitiesInteractorImpl.swift */ = {isa = PBXFileReference; lastKnownFileType = sourcecode.swift; path = DonwloadShoptivitiesInteractorImpl.swift; sourceTree = "<group>"; };
		5B967CD51F76E2E9005FE0A2 /* JSONParser.swift */ = {isa = PBXFileReference; lastKnownFileType = sourcecode.swift; path = JSONParser.swift; sourceTree = "<group>"; };
		5B967CD71F76F1E1005FE0A2 /* String+Image.swift */ = {isa = PBXFileReference; lastKnownFileType = sourcecode.swift; path = "String+Image.swift"; sourceTree = "<group>"; };
		5BE7AB381F73D2EB0018CF7D /* MADridLife.app */ = {isa = PBXFileReference; explicitFileType = wrapper.application; includeInIndex = 0; path = MADridLife.app; sourceTree = BUILT_PRODUCTS_DIR; };
		5BE7AB3B1F73D2EB0018CF7D /* AppDelegate.swift */ = {isa = PBXFileReference; lastKnownFileType = sourcecode.swift; path = AppDelegate.swift; sourceTree = "<group>"; };
		5BE7AB401F73D2EB0018CF7D /* Base */ = {isa = PBXFileReference; lastKnownFileType = file.storyboard; name = Base; path = Base.lproj/Main.storyboard; sourceTree = "<group>"; };
		5BE7AB421F73D2EB0018CF7D /* Assets.xcassets */ = {isa = PBXFileReference; lastKnownFileType = folder.assetcatalog; path = Assets.xcassets; sourceTree = "<group>"; };
		5BE7AB451F73D2EB0018CF7D /* Base */ = {isa = PBXFileReference; lastKnownFileType = file.storyboard; name = Base; path = Base.lproj/LaunchScreen.storyboard; sourceTree = "<group>"; };
		5BE7AB471F73D2EB0018CF7D /* Info.plist */ = {isa = PBXFileReference; lastKnownFileType = text.plist.xml; path = Info.plist; sourceTree = "<group>"; };
		5BE7AB4C1F73D2EB0018CF7D /* MADridLifeTests.xctest */ = {isa = PBXFileReference; explicitFileType = wrapper.cfbundle; includeInIndex = 0; path = MADridLifeTests.xctest; sourceTree = BUILT_PRODUCTS_DIR; };
		5BE7AB501F73D2EB0018CF7D /* MADridLifeTests.swift */ = {isa = PBXFileReference; lastKnownFileType = sourcecode.swift; path = MADridLifeTests.swift; sourceTree = "<group>"; };
		5BE7AB521F73D2EB0018CF7D /* Info.plist */ = {isa = PBXFileReference; lastKnownFileType = text.plist.xml; path = Info.plist; sourceTree = "<group>"; };
/* End PBXFileReference section */

/* Begin PBXFrameworksBuildPhase section */
		5BE7AB351F73D2EB0018CF7D /* Frameworks */ = {
			isa = PBXFrameworksBuildPhase;
			buildActionMask = 2147483647;
			files = (
				5B7D6E0C1F7A3B9700AE5B95 /* CoreData.framework in Frameworks */,
			);
			runOnlyForDeploymentPostprocessing = 0;
		};
		5BE7AB491F73D2EB0018CF7D /* Frameworks */ = {
			isa = PBXFrameworksBuildPhase;
			buildActionMask = 2147483647;
			files = (
			);
			runOnlyForDeploymentPostprocessing = 0;
		};
/* End PBXFrameworksBuildPhase section */

/* Begin PBXGroup section */
		5B7D6E0A1F7A3B9600AE5B95 /* Frameworks */ = {
			isa = PBXGroup;
			children = (
				5B7D6E0B1F7A3B9700AE5B95 /* CoreData.framework */,
			);
			name = Frameworks;
			sourceTree = "<group>";
		};
		5B8613FB1F74F39E00C497D2 /* Views */ = {
			isa = PBXGroup;
			children = (
				5BE7AB441F73D2EB0018CF7D /* LaunchScreen.storyboard */,
				5BE7AB3F1F73D2EB0018CF7D /* Main.storyboard */,
				5B967CCE1F76D69D005FE0A2 /* ShopCell.swift */,
				5B967CD01F76D8F1005FE0A2 /* ActivityCell.swift */,
			);
			path = Views;
			sourceTree = "<group>";
		};
		5B8613FC1F74F3B300C497D2 /* Controllers */ = {
			isa = PBXGroup;
			children = (
				5B8614131F76CCD800C497D2 /* MainViewController.swift */,
				5B8614151F76CCDF00C497D2 /* ShopsViewController.swift */,
				5B8614171F76CCE700C497D2 /* ActivitiesViewController.swift */,
				5B8614191F76CD2B00C497D2 /* ShopDetailViewController.swift */,
				5B86141D1F76CDAC00C497D2 /* ActivityDetailViewController.swift */,
				5B967CCC1F76D59F005FE0A2 /* ExtensionViewC+CollectionViewC.swift */,
			);
			path = Controllers;
			sourceTree = "<group>";
		};
		5B8613FD1F75120F00C497D2 /* Models */ = {
			isa = PBXGroup;
			children = (
				5B8614061F76BD7800C497D2 /* Interactors */,
				5B8614001F75130800C497D2 /* Shoptivity.swift */,
				5B8614021F75140B00C497D2 /* Shoptivities.swift */,
				5B7D6E101F7A466B00AE5B95 /* MADridLife.xcdatamodeld */,
			);
			path = Models;
			sourceTree = "<group>";
		};
		5B8614061F76BD7800C497D2 /* Interactors */ = {
			isa = PBXGroup;
			children = (
				5B8614071F76BDB700C497D2 /* DownloadShoptivitiesInteractor.swift */,
				5B967CD21F76E089005FE0A2 /* DonwloadShoptivitiesInteractorImpl.swift */,
				5B7D6E131F7A49F700AE5B95 /* SaveShoptivitiesInteractor.swift */,
				5B33A4801F7BEB7C00F9D518 /* SaveShoptivitiesInteractorImpl.swift */,
			);
			path = Interactors;
			sourceTree = "<group>";
		};
		5B967CD41F76E2D8005FE0A2 /* Util */ = {
			isa = PBXGroup;
			children = (
				5B967CD51F76E2E9005FE0A2 /* JSONParser.swift */,
				5B967CD71F76F1E1005FE0A2 /* String+Image.swift */,
				5B7D6E081F7A380600AE5B95 /* CoreDataStack.swift */,
				5B7D6E171F7A4B1F00AE5B95 /* MapShoptivity.swift */,
			);
			path = Util;
			sourceTree = "<group>";
		};
		5BE7AB2F1F73D2EB0018CF7D = {
			isa = PBXGroup;
			children = (
				5BE7AB3A1F73D2EB0018CF7D /* MADridLife */,
				5BE7AB4F1F73D2EB0018CF7D /* MADridLifeTests */,
				5BE7AB391F73D2EB0018CF7D /* Products */,
				5B7D6E0A1F7A3B9600AE5B95 /* Frameworks */,
			);
			sourceTree = "<group>";
		};
		5BE7AB391F73D2EB0018CF7D /* Products */ = {
			isa = PBXGroup;
			children = (
				5BE7AB381F73D2EB0018CF7D /* MADridLife.app */,
				5BE7AB4C1F73D2EB0018CF7D /* MADridLifeTests.xctest */,
			);
			name = Products;
			sourceTree = "<group>";
		};
		5BE7AB3A1F73D2EB0018CF7D /* MADridLife */ = {
			isa = PBXGroup;
			children = (
				5BE7AB3B1F73D2EB0018CF7D /* AppDelegate.swift */,
				5B967CD41F76E2D8005FE0A2 /* Util */,
				5B8613FD1F75120F00C497D2 /* Models */,
				5B8613FC1F74F3B300C497D2 /* Controllers */,
				5B8613FB1F74F39E00C497D2 /* Views */,
				5BE7AB421F73D2EB0018CF7D /* Assets.xcassets */,
				5BE7AB471F73D2EB0018CF7D /* Info.plist */,
			);
			path = MADridLife;
			sourceTree = "<group>";
		};
		5BE7AB4F1F73D2EB0018CF7D /* MADridLifeTests */ = {
			isa = PBXGroup;
			children = (
				5BE7AB501F73D2EB0018CF7D /* MADridLifeTests.swift */,
				5B8614041F7520D400C497D2 /* ShoptivitiesTest.swift */,
				5BE7AB521F73D2EB0018CF7D /* Info.plist */,
			);
			path = MADridLifeTests;
			sourceTree = "<group>";
		};
/* End PBXGroup section */

/* Begin PBXNativeTarget section */
		5BE7AB371F73D2EB0018CF7D /* MADridLife */ = {
			isa = PBXNativeTarget;
			buildConfigurationList = 5BE7AB551F73D2EB0018CF7D /* Build configuration list for PBXNativeTarget "MADridLife" */;
			buildPhases = (
				5BE7AB341F73D2EB0018CF7D /* Sources */,
				5BE7AB351F73D2EB0018CF7D /* Frameworks */,
				5BE7AB361F73D2EB0018CF7D /* Resources */,
			);
			buildRules = (
			);
			dependencies = (
			);
			name = MADridLife;
			productName = MADridLife;
			productReference = 5BE7AB381F73D2EB0018CF7D /* MADridLife.app */;
			productType = "com.apple.product-type.application";
		};
		5BE7AB4B1F73D2EB0018CF7D /* MADridLifeTests */ = {
			isa = PBXNativeTarget;
			buildConfigurationList = 5BE7AB581F73D2EB0018CF7D /* Build configuration list for PBXNativeTarget "MADridLifeTests" */;
			buildPhases = (
				5BE7AB481F73D2EB0018CF7D /* Sources */,
				5BE7AB491F73D2EB0018CF7D /* Frameworks */,
				5BE7AB4A1F73D2EB0018CF7D /* Resources */,
			);
			buildRules = (
			);
			dependencies = (
				5BE7AB4E1F73D2EB0018CF7D /* PBXTargetDependency */,
			);
			name = MADridLifeTests;
			productName = MADridLifeTests;
			productReference = 5BE7AB4C1F73D2EB0018CF7D /* MADridLifeTests.xctest */;
			productType = "com.apple.product-type.bundle.unit-test";
		};
/* End PBXNativeTarget section */

/* Begin PBXProject section */
		5BE7AB301F73D2EB0018CF7D /* Project object */ = {
			isa = PBXProject;
			attributes = {
				LastSwiftUpdateCheck = 0900;
				LastUpgradeCheck = 0900;
				ORGANIZATIONNAME = "Rodrigo Limpias Cossio";
				TargetAttributes = {
					5BE7AB371F73D2EB0018CF7D = {
						CreatedOnToolsVersion = 9.0;
						ProvisioningStyle = Automatic;
					};
					5BE7AB4B1F73D2EB0018CF7D = {
						CreatedOnToolsVersion = 9.0;
						ProvisioningStyle = Automatic;
						TestTargetID = 5BE7AB371F73D2EB0018CF7D;
					};
				};
			};
			buildConfigurationList = 5BE7AB331F73D2EB0018CF7D /* Build configuration list for PBXProject "MADridLife" */;
			compatibilityVersion = "Xcode 8.0";
			developmentRegion = en;
			hasScannedForEncodings = 0;
			knownRegions = (
				en,
				Base,
			);
			mainGroup = 5BE7AB2F1F73D2EB0018CF7D;
			productRefGroup = 5BE7AB391F73D2EB0018CF7D /* Products */;
			projectDirPath = "";
			projectRoot = "";
			targets = (
				5BE7AB371F73D2EB0018CF7D /* MADridLife */,
				5BE7AB4B1F73D2EB0018CF7D /* MADridLifeTests */,
			);
		};
/* End PBXProject section */

/* Begin PBXResourcesBuildPhase section */
		5BE7AB361F73D2EB0018CF7D /* Resources */ = {
			isa = PBXResourcesBuildPhase;
			buildActionMask = 2147483647;
			files = (
				5BE7AB461F73D2EB0018CF7D /* LaunchScreen.storyboard in Resources */,
				5BE7AB431F73D2EB0018CF7D /* Assets.xcassets in Resources */,
				5BE7AB411F73D2EB0018CF7D /* Main.storyboard in Resources */,
			);
			runOnlyForDeploymentPostprocessing = 0;
		};
		5BE7AB4A1F73D2EB0018CF7D /* Resources */ = {
			isa = PBXResourcesBuildPhase;
			buildActionMask = 2147483647;
			files = (
			);
			runOnlyForDeploymentPostprocessing = 0;
		};
/* End PBXResourcesBuildPhase section */

/* Begin PBXSourcesBuildPhase section */
		5BE7AB341F73D2EB0018CF7D /* Sources */ = {
			isa = PBXSourcesBuildPhase;
			buildActionMask = 2147483647;
			files = (
				5B86141E1F76CDAC00C497D2 /* ActivityDetailViewController.swift in Sources */,
				5B7D6E121F7A466B00AE5B95 /* MADridLife.xcdatamodeld in Sources */,
				5B8614081F76BDB700C497D2 /* DownloadShoptivitiesInteractor.swift in Sources */,
				5B967CD81F76F1E1005FE0A2 /* String+Image.swift in Sources */,
				5B86141A1F76CD2B00C497D2 /* ShopDetailViewController.swift in Sources */,
				5B8614031F75140B00C497D2 /* Shoptivities.swift in Sources */,
				5B967CD31F76E089005FE0A2 /* DonwloadShoptivitiesInteractorImpl.swift in Sources */,
				5B7D6E181F7A4B1F00AE5B95 /* MapShoptivity.swift in Sources */,
				5B8614141F76CCD800C497D2 /* MainViewController.swift in Sources */,
				5B7D6E091F7A380600AE5B95 /* CoreDataStack.swift in Sources */,
				5B8614161F76CCDF00C497D2 /* ShopsViewController.swift in Sources */,
				5B7D6E141F7A49F700AE5B95 /* SaveShoptivitiesInteractor.swift in Sources */,
				5B967CD11F76D8F1005FE0A2 /* ActivityCell.swift in Sources */,
				5B967CCF1F76D69D005FE0A2 /* ShopCell.swift in Sources */,
				5B8614181F76CCE700C497D2 /* ActivitiesViewController.swift in Sources */,
				5B967CD61F76E2E9005FE0A2 /* JSONParser.swift in Sources */,
				5B8614011F75130800C497D2 /* Shoptivity.swift in Sources */,
				5B967CCD1F76D59F005FE0A2 /* ExtensionViewC+CollectionViewC.swift in Sources */,
				5B33A4811F7BEB7C00F9D518 /* SaveShoptivitiesInteractorImpl.swift in Sources */,
				5BE7AB3C1F73D2EB0018CF7D /* AppDelegate.swift in Sources */,
			);
			runOnlyForDeploymentPostprocessing = 0;
		};
		5BE7AB481F73D2EB0018CF7D /* Sources */ = {
			isa = PBXSourcesBuildPhase;
			buildActionMask = 2147483647;
			files = (
				5B8614051F7520D400C497D2 /* ShoptivitiesTest.swift in Sources */,
				5BE7AB511F73D2EB0018CF7D /* MADridLifeTests.swift in Sources */,
			);
			runOnlyForDeploymentPostprocessing = 0;
		};
/* End PBXSourcesBuildPhase section */

/* Begin PBXTargetDependency section */
		5BE7AB4E1F73D2EB0018CF7D /* PBXTargetDependency */ = {
			isa = PBXTargetDependency;
			target = 5BE7AB371F73D2EB0018CF7D /* MADridLife */;
			targetProxy = 5BE7AB4D1F73D2EB0018CF7D /* PBXContainerItemProxy */;
		};
/* End PBXTargetDependency section */

/* Begin PBXVariantGroup section */
		5BE7AB3F1F73D2EB0018CF7D /* Main.storyboard */ = {
			isa = PBXVariantGroup;
			children = (
				5BE7AB401F73D2EB0018CF7D /* Base */,
			);
			name = Main.storyboard;
			sourceTree = "<group>";
		};
		5BE7AB441F73D2EB0018CF7D /* LaunchScreen.storyboard */ = {
			isa = PBXVariantGroup;
			children = (
				5BE7AB451F73D2EB0018CF7D /* Base */,
			);
			name = LaunchScreen.storyboard;
			sourceTree = "<group>";
		};
/* End PBXVariantGroup section */

/* Begin XCBuildConfiguration section */
		5BE7AB531F73D2EB0018CF7D /* Debug */ = {
			isa = XCBuildConfiguration;
			buildSettings = {
				ALWAYS_SEARCH_USER_PATHS = NO;
				CLANG_ANALYZER_NONNULL = YES;
				CLANG_ANALYZER_NUMBER_OBJECT_CONVERSION = YES_AGGRESSIVE;
				CLANG_CXX_LANGUAGE_STANDARD = "gnu++14";
				CLANG_CXX_LIBRARY = "libc++";
				CLANG_ENABLE_MODULES = YES;
				CLANG_ENABLE_OBJC_ARC = YES;
				CLANG_WARN_BLOCK_CAPTURE_AUTORELEASING = YES;
				CLANG_WARN_BOOL_CONVERSION = YES;
				CLANG_WARN_COMMA = YES;
				CLANG_WARN_CONSTANT_CONVERSION = YES;
				CLANG_WARN_DIRECT_OBJC_ISA_USAGE = YES_ERROR;
				CLANG_WARN_DOCUMENTATION_COMMENTS = YES;
				CLANG_WARN_EMPTY_BODY = YES;
				CLANG_WARN_ENUM_CONVERSION = YES;
				CLANG_WARN_INFINITE_RECURSION = YES;
				CLANG_WARN_INT_CONVERSION = YES;
				CLANG_WARN_NON_LITERAL_NULL_CONVERSION = YES;
				CLANG_WARN_OBJC_LITERAL_CONVERSION = YES;
				CLANG_WARN_OBJC_ROOT_CLASS = YES_ERROR;
				CLANG_WARN_RANGE_LOOP_ANALYSIS = YES;
				CLANG_WARN_STRICT_PROTOTYPES = YES;
				CLANG_WARN_SUSPICIOUS_MOVE = YES;
				CLANG_WARN_UNGUARDED_AVAILABILITY = YES_AGGRESSIVE;
				CLANG_WARN_UNREACHABLE_CODE = YES;
				CLANG_WARN__DUPLICATE_METHOD_MATCH = YES;
				CODE_SIGN_IDENTITY = "iPhone Developer";
				COPY_PHASE_STRIP = NO;
				DEBUG_INFORMATION_FORMAT = dwarf;
				ENABLE_STRICT_OBJC_MSGSEND = YES;
				ENABLE_TESTABILITY = YES;
				GCC_C_LANGUAGE_STANDARD = gnu11;
				GCC_DYNAMIC_NO_PIC = NO;
				GCC_NO_COMMON_BLOCKS = YES;
				GCC_OPTIMIZATION_LEVEL = 0;
				GCC_PREPROCESSOR_DEFINITIONS = (
					"DEBUG=1",
					"$(inherited)",
				);
				GCC_WARN_64_TO_32_BIT_CONVERSION = YES;
				GCC_WARN_ABOUT_RETURN_TYPE = YES_ERROR;
				GCC_WARN_UNDECLARED_SELECTOR = YES;
				GCC_WARN_UNINITIALIZED_AUTOS = YES_AGGRESSIVE;
				GCC_WARN_UNUSED_FUNCTION = YES;
				GCC_WARN_UNUSED_VARIABLE = YES;
				IPHONEOS_DEPLOYMENT_TARGET = 11.0;
				MTL_ENABLE_DEBUG_INFO = YES;
				ONLY_ACTIVE_ARCH = YES;
				SDKROOT = iphoneos;
				SWIFT_ACTIVE_COMPILATION_CONDITIONS = DEBUG;
				SWIFT_OPTIMIZATION_LEVEL = "-Onone";
			};
			name = Debug;
		};
		5BE7AB541F73D2EB0018CF7D /* Release */ = {
			isa = XCBuildConfiguration;
			buildSettings = {
				ALWAYS_SEARCH_USER_PATHS = NO;
				CLANG_ANALYZER_NONNULL = YES;
				CLANG_ANALYZER_NUMBER_OBJECT_CONVERSION = YES_AGGRESSIVE;
				CLANG_CXX_LANGUAGE_STANDARD = "gnu++14";
				CLANG_CXX_LIBRARY = "libc++";
				CLANG_ENABLE_MODULES = YES;
				CLANG_ENABLE_OBJC_ARC = YES;
				CLANG_WARN_BLOCK_CAPTURE_AUTORELEASING = YES;
				CLANG_WARN_BOOL_CONVERSION = YES;
				CLANG_WARN_COMMA = YES;
				CLANG_WARN_CONSTANT_CONVERSION = YES;
				CLANG_WARN_DIRECT_OBJC_ISA_USAGE = YES_ERROR;
				CLANG_WARN_DOCUMENTATION_COMMENTS = YES;
				CLANG_WARN_EMPTY_BODY = YES;
				CLANG_WARN_ENUM_CONVERSION = YES;
				CLANG_WARN_INFINITE_RECURSION = YES;
				CLANG_WARN_INT_CONVERSION = YES;
				CLANG_WARN_NON_LITERAL_NULL_CONVERSION = YES;
				CLANG_WARN_OBJC_LITERAL_CONVERSION = YES;
				CLANG_WARN_OBJC_ROOT_CLASS = YES_ERROR;
				CLANG_WARN_RANGE_LOOP_ANALYSIS = YES;
				CLANG_WARN_STRICT_PROTOTYPES = YES;
				CLANG_WARN_SUSPICIOUS_MOVE = YES;
				CLANG_WARN_UNGUARDED_AVAILABILITY = YES_AGGRESSIVE;
				CLANG_WARN_UNREACHABLE_CODE = YES;
				CLANG_WARN__DUPLICATE_METHOD_MATCH = YES;
				CODE_SIGN_IDENTITY = "iPhone Developer";
				COPY_PHASE_STRIP = NO;
				DEBUG_INFORMATION_FORMAT = "dwarf-with-dsym";
				ENABLE_NS_ASSERTIONS = NO;
				ENABLE_STRICT_OBJC_MSGSEND = YES;
				GCC_C_LANGUAGE_STANDARD = gnu11;
				GCC_NO_COMMON_BLOCKS = YES;
				GCC_WARN_64_TO_32_BIT_CONVERSION = YES;
				GCC_WARN_ABOUT_RETURN_TYPE = YES_ERROR;
				GCC_WARN_UNDECLARED_SELECTOR = YES;
				GCC_WARN_UNINITIALIZED_AUTOS = YES_AGGRESSIVE;
				GCC_WARN_UNUSED_FUNCTION = YES;
				GCC_WARN_UNUSED_VARIABLE = YES;
				IPHONEOS_DEPLOYMENT_TARGET = 11.0;
				MTL_ENABLE_DEBUG_INFO = NO;
				SDKROOT = iphoneos;
				SWIFT_OPTIMIZATION_LEVEL = "-Owholemodule";
				VALIDATE_PRODUCT = YES;
			};
			name = Release;
		};
		5BE7AB561F73D2EB0018CF7D /* Debug */ = {
			isa = XCBuildConfiguration;
			buildSettings = {
				ASSETCATALOG_COMPILER_APPICON_NAME = AppIcon;
				CODE_SIGN_STYLE = Automatic;
				INFOPLIST_FILE = MADridLife/Info.plist;
				LD_RUNPATH_SEARCH_PATHS = "$(inherited) @executable_path/Frameworks";
				PRODUCT_BUNDLE_IDENTIFIER = PerfectStrange.MADridLife;
				PRODUCT_NAME = "$(TARGET_NAME)";
				SWIFT_VERSION = 4.0;
				TARGETED_DEVICE_FAMILY = "1,2";
			};
			name = Debug;
		};
		5BE7AB571F73D2EB0018CF7D /* Release */ = {
			isa = XCBuildConfiguration;
			buildSettings = {
				ASSETCATALOG_COMPILER_APPICON_NAME = AppIcon;
				CODE_SIGN_STYLE = Automatic;
				INFOPLIST_FILE = MADridLife/Info.plist;
				LD_RUNPATH_SEARCH_PATHS = "$(inherited) @executable_path/Frameworks";
				PRODUCT_BUNDLE_IDENTIFIER = PerfectStrange.MADridLife;
				PRODUCT_NAME = "$(TARGET_NAME)";
				SWIFT_VERSION = 4.0;
				TARGETED_DEVICE_FAMILY = "1,2";
			};
			name = Release;
		};
		5BE7AB591F73D2EB0018CF7D /* Debug */ = {
			isa = XCBuildConfiguration;
			buildSettings = {
				ALWAYS_EMBED_SWIFT_STANDARD_LIBRARIES = YES;
				BUNDLE_LOADER = "$(TEST_HOST)";
				CODE_SIGN_STYLE = Automatic;
				INFOPLIST_FILE = MADridLifeTests/Info.plist;
				LD_RUNPATH_SEARCH_PATHS = "$(inherited) @executable_path/Frameworks @loader_path/Frameworks";
				PRODUCT_BUNDLE_IDENTIFIER = PerfectStrange.MADridLifeTests;
				PRODUCT_NAME = "$(TARGET_NAME)";
				SWIFT_VERSION = 4.0;
				TARGETED_DEVICE_FAMILY = "1,2";
				TEST_HOST = "$(BUILT_PRODUCTS_DIR)/MADridLife.app/MADridLife";
			};
			name = Debug;
		};
		5BE7AB5A1F73D2EB0018CF7D /* Release */ = {
			isa = XCBuildConfiguration;
			buildSettings = {
				ALWAYS_EMBED_SWIFT_STANDARD_LIBRARIES = YES;
				BUNDLE_LOADER = "$(TEST_HOST)";
				CODE_SIGN_STYLE = Automatic;
				INFOPLIST_FILE = MADridLifeTests/Info.plist;
				LD_RUNPATH_SEARCH_PATHS = "$(inherited) @executable_path/Frameworks @loader_path/Frameworks";
				PRODUCT_BUNDLE_IDENTIFIER = PerfectStrange.MADridLifeTests;
				PRODUCT_NAME = "$(TARGET_NAME)";
				SWIFT_VERSION = 4.0;
				TARGETED_DEVICE_FAMILY = "1,2";
				TEST_HOST = "$(BUILT_PRODUCTS_DIR)/MADridLife.app/MADridLife";
			};
			name = Release;
		};
/* End XCBuildConfiguration section */

/* Begin XCConfigurationList section */
		5BE7AB331F73D2EB0018CF7D /* Build configuration list for PBXProject "MADridLife" */ = {
			isa = XCConfigurationList;
			buildConfigurations = (
				5BE7AB531F73D2EB0018CF7D /* Debug */,
				5BE7AB541F73D2EB0018CF7D /* Release */,
			);
			defaultConfigurationIsVisible = 0;
			defaultConfigurationName = Release;
		};
		5BE7AB551F73D2EB0018CF7D /* Build configuration list for PBXNativeTarget "MADridLife" */ = {
			isa = XCConfigurationList;
			buildConfigurations = (
				5BE7AB561F73D2EB0018CF7D /* Debug */,
				5BE7AB571F73D2EB0018CF7D /* Release */,
			);
			defaultConfigurationIsVisible = 0;
			defaultConfigurationName = Release;
		};
		5BE7AB581F73D2EB0018CF7D /* Build configuration list for PBXNativeTarget "MADridLifeTests" */ = {
			isa = XCConfigurationList;
			buildConfigurations = (
				5BE7AB591F73D2EB0018CF7D /* Debug */,
				5BE7AB5A1F73D2EB0018CF7D /* Release */,
			);
			defaultConfigurationIsVisible = 0;
			defaultConfigurationName = Release;
		};
/* End XCConfigurationList section */

/* Begin XCVersionGroup section */
		5B7D6E101F7A466B00AE5B95 /* MADridLife.xcdatamodeld */ = {
			isa = XCVersionGroup;
			children = (
				5B7D6E111F7A466B00AE5B95 /* MADridLife.xcdatamodel */,
			);
			currentVersion = 5B7D6E111F7A466B00AE5B95 /* MADridLife.xcdatamodel */;
			path = MADridLife.xcdatamodeld;
			sourceTree = "<group>";
			versionGroupType = wrapper.xcdatamodel;
		};
/* End XCVersionGroup section */
	};
	rootObject = 5BE7AB301F73D2EB0018CF7D /* Project object */;
}
